
Microsoft Visual Studio Solution File, Format Version 12.00
# Visual Studio 15
VisualStudioVersion = 15.0.28307.1259
MinimumVisualStudioVersion = 10.0.40219.1
Project("{FAE04EC0-301F-11D3-BF4B-00C04F79EFBC}") = "DoanquanlysachV3", "DoanquanlysachV3\DoanquanlysachV3.csproj", "{8924A168-7A88-471D-8164-EFA413B9A29C}"
EndProject
Global
	GlobalSection(SolutionConfigurationPlatforms) = preSolution
		Debug|Any CPU = Debug|Any CPU
		Release|Any CPU = Release|Any CPU
	EndGlobalSection
	GlobalSection(ProjectConfigurationPlatforms) = postSolution
		{8924A168-7A88-471D-8164-EFA413B9A29C}.Debug|Any CPU.ActiveCfg = Debug|Any CPU
		{8924A168-7A88-471D-8164-EFA413B9A29C}.Debug|Any CPU.Build.0 = Debug|Any CPU
		{8924A168-7A88-471D-8164-EFA413B9A29C}.Release|Any CPU.ActiveCfg = Release|Any CPU
		{8924A168-7A88-471D-8164-EFA413B9A29C}.Release|Any CPU.Build.0 = Release|Any CPU
	EndGlobalSection
	GlobalSection(SolutionProperties) = preSolution
		HideSolutionNode = FALSE
	EndGlobalSection
	GlobalSection(ExtensibilityGlobals) = postSolution
		SolutionGuid = {77FC471C-53D7-4584-9287-43E65C0C2D60}
	EndGlobalSection
EndGlobal
